
Microsoft Visual Studio Solution File, Format Version 12.00
# Visual Studio Version 17
VisualStudioVersion = 17.7.34221.43
MinimumVisualStudioVersion = 10.0.40219.1
Project("{FAE04EC0-301F-11D3-BF4B-00C04F79EFBC}") = "JojaMartAPI", "JojaMartAPI\JojaMartAPI.csproj", "{3D705ACC-CB73-417A-A9FC-63BCF6773C65}"
EndProject
Global
	GlobalSection(SolutionConfigurationPlatforms) = preSolution
		Debug|Any CPU = Debug|Any CPU
		Release|Any CPU = Release|Any CPU
	EndGlobalSection
	GlobalSection(ProjectConfigurationPlatforms) = postSolution
		{3D705ACC-CB73-417A-A9FC-63BCF6773C65}.Debug|Any CPU.ActiveCfg = Debug|Any CPU
		{3D705ACC-CB73-417A-A9FC-63BCF6773C65}.Debug|Any CPU.Build.0 = Debug|Any CPU
		{3D705ACC-CB73-417A-A9FC-63BCF6773C65}.Release|Any CPU.ActiveCfg = Release|Any CPU
		{3D705ACC-CB73-417A-A9FC-63BCF6773C65}.Release|Any CPU.Build.0 = Release|Any CPU
	EndGlobalSection
	GlobalSection(SolutionProperties) = preSolution
		HideSolutionNode = FALSE
	EndGlobalSection
	GlobalSection(ExtensibilityGlobals) = postSolution
		SolutionGuid = {0A9A22A1-6A5A-41ED-8308-0BE336C5182C}
	EndGlobalSection
EndGlobal
